
Microsoft Visual Studio Solution File, Format Version 12.00
# Visual Studio Version 17
VisualStudioVersion = 17.8.34330.188
MinimumVisualStudioVersion = 10.0.40219.1
Project("{FAE04EC0-301F-11D3-BF4B-00C04F79EFBC}") = "Final SMS", "Final SMS\Final SMS.csproj", "{FC9B3105-D6FE-4AB7-B4F9-4209F0117401}"
EndProject
Global
	GlobalSection(SolutionConfigurationPlatforms) = preSolution
		Debug|Any CPU = Debug|Any CPU
		Release|Any CPU = Release|Any CPU
	EndGlobalSection
	GlobalSection(ProjectConfigurationPlatforms) = postSolution
		{FC9B3105-D6FE-4AB7-B4F9-4209F0117401}.Debug|Any CPU.ActiveCfg = Debug|Any CPU
		{FC9B3105-D6FE-4AB7-B4F9-4209F0117401}.Debug|Any CPU.Build.0 = Debug|Any CPU
		{FC9B3105-D6FE-4AB7-B4F9-4209F0117401}.Release|Any CPU.ActiveCfg = Release|Any CPU
		{FC9B3105-D6FE-4AB7-B4F9-4209F0117401}.Release|Any CPU.Build.0 = Release|Any CPU
	EndGlobalSection
	GlobalSection(SolutionProperties) = preSolution
		HideSolutionNode = FALSE
	EndGlobalSection
	GlobalSection(ExtensibilityGlobals) = postSolution
		SolutionGuid = {E1BC82B4-C2BB-4E32-9B9B-2213A49DD39E}
	EndGlobalSection
EndGlobal
